
Microsoft Visual Studio Solution File, Format Version 12.00
# Visual Studio 15
Project("{FAE04EC0-301F-11D3-BF4B-00C04F79EFBC}") = "com.unity.template.multiplayer-ngo.runtime", "com.unity.template.multiplayer-ngo.runtime.csproj", "{6B4937C3-C872-CE70-3630-57F85093D09B}"
EndProject
Project("{FAE04EC0-301F-11D3-BF4B-00C04F79EFBC}") = "com.unity.template.multiplayer-ngo.shared", "com.unity.template.multiplayer-ngo.shared.csproj", "{B8968B6A-D9DE-3AF6-73DD-E6DFD637F180}"
EndProject
Project("{FAE04EC0-301F-11D3-BF4B-00C04F79EFBC}") = "com.unity.template.multiplayer-ngo.editor", "com.unity.template.multiplayer-ngo.editor.csproj", "{520ED68D-4BD0-33FD-DB3E-52DF9E85F9EE}"
EndProject
Global
	GlobalSection(SolutionConfigurationPlatforms) = preSolution
		Debug|Any CPU = Debug|Any CPU
		Release|Any CPU = Release|Any CPU
	EndGlobalSection
	GlobalSection(ProjectConfigurationPlatforms) = postSolution
		{6B4937C3-C872-CE70-3630-57F85093D09B}.Debug|Any CPU.ActiveCfg = Debug|Any CPU
		{6B4937C3-C872-CE70-3630-57F85093D09B}.Debug|Any CPU.Build.0 = Debug|Any CPU
		{6B4937C3-C872-CE70-3630-57F85093D09B}.Release|Any CPU.ActiveCfg = Release|Any CPU
		{6B4937C3-C872-CE70-3630-57F85093D09B}.Release|Any CPU.Build.0 = Release|Any CPU
		{B8968B6A-D9DE-3AF6-73DD-E6DFD637F180}.Debug|Any CPU.ActiveCfg = Debug|Any CPU
		{B8968B6A-D9DE-3AF6-73DD-E6DFD637F180}.Debug|Any CPU.Build.0 = Debug|Any CPU
		{B8968B6A-D9DE-3AF6-73DD-E6DFD637F180}.Release|Any CPU.ActiveCfg = Release|Any CPU
		{B8968B6A-D9DE-3AF6-73DD-E6DFD637F180}.Release|Any CPU.Build.0 = Release|Any CPU
		{520ED68D-4BD0-33FD-DB3E-52DF9E85F9EE}.Debug|Any CPU.ActiveCfg = Debug|Any CPU
		{520ED68D-4BD0-33FD-DB3E-52DF9E85F9EE}.Debug|Any CPU.Build.0 = Debug|Any CPU
		{520ED68D-4BD0-33FD-DB3E-52DF9E85F9EE}.Release|Any CPU.ActiveCfg = Release|Any CPU
		{520ED68D-4BD0-33FD-DB3E-52DF9E85F9EE}.Release|Any CPU.Build.0 = Release|Any CPU
	EndGlobalSection
	GlobalSection(SolutionProperties) = preSolution
		HideSolutionNode = FALSE
	EndGlobalSection
EndGlobal
